
Microsoft Visual Studio Solution File, Format Version 12.00
# Visual Studio Version 17
VisualStudioVersion = 17.14.36511.14
MinimumVisualStudioVersion = 10.0.40219.1
Project("{2150E333-8FDC-42A3-9474-1A3956D46DE8}") = "CSS", "CSS", "{02EA681E-C7D8-13C7-8484-4AC65E1B71E8}"
	ProjectSection(SolutionItems) = preProject
		StyleSheet.css = StyleSheet.css
	EndProjectSection
EndProject
Project("{2150E333-8FDC-42A3-9474-1A3956D46DE8}") = "JavaScript", "JavaScript", "{B90F8F50-0E71-44BB-8A2E-BD1C195AC3A5}"
	ProjectSection(SolutionItems) = preProject
		App.js = App.js
	EndProjectSection
EndProject
Project("{2150E333-8FDC-42A3-9474-1A3956D46DE8}") = "HTML", "HTML", "{A201BBCF-08BB-4446-9153-C9AC1B9CADBB}"
	ProjectSection(SolutionItems) = preProject
		Index.html = Index.html
		Tech.html = Tech.html
	EndProjectSection
EndProject
Project("{2150E333-8FDC-42A3-9474-1A3956D46DE8}") = "Images", "Images", "{DE0022B9-C248-405F-AFDB-5F8CBC8B793B}"
EndProject
Global
	GlobalSection(SolutionProperties) = preSolution
		HideSolutionNode = FALSE
	EndGlobalSection
	GlobalSection(ExtensibilityGlobals) = postSolution
		SolutionGuid = {299D2C03-8591-4697-BDF1-91AA251E668D}
	EndGlobalSection
EndGlobal
